// !$*UTF8*$!
{
	archiveVersion = 1;
	classes = {
	};
	objectVersion = 50;
	objects = {

/* Begin PBXBuildFile section */
		CC6AEB322784AB0A007D021A /* AppDelegate.swift in Sources */ = {isa = PBXBuildFile; fileRef = CC6AEB312784AB0A007D021A /* AppDelegate.swift */; };
		CC6AEB3B2784AB0B007D021A /* Assets.xcassets in Resources */ = {isa = PBXBuildFile; fileRef = CC6AEB3A2784AB0B007D021A /* Assets.xcassets */; };
		CC6AEB492784AB0B007D021A /* DemoProjectTests.swift in Sources */ = {isa = PBXBuildFile; fileRef = CC6AEB482784AB0B007D021A /* DemoProjectTests.swift */; };
		CC6AEB542784AB0C007D021A /* DemoProjectUITests.swift in Sources */ = {isa = PBXBuildFile; fileRef = CC6AEB532784AB0C007D021A /* DemoProjectUITests.swift */; };
		CC6AEB632784AB4D007D021A /* CartListModel.swift in Sources */ = {isa = PBXBuildFile; fileRef = CC6AEB622784AB4D007D021A /* CartListModel.swift */; };
		CC6AEB682784AB5F007D021A /* Service.swift in Sources */ = {isa = PBXBuildFile; fileRef = CC6AEB652784AB5F007D021A /* Service.swift */; };
		CC6AEB692784AB5F007D021A /* Network.swift in Sources */ = {isa = PBXBuildFile; fileRef = CC6AEB662784AB5F007D021A /* Network.swift */; };
		CC6AEB702784AB6D007D021A /* BaseViewController.swift in Sources */ = {isa = PBXBuildFile; fileRef = CC6AEB6E2784AB6D007D021A /* BaseViewController.swift */; };
		CC6AEB762784AB71007D021A /* DetailViewModel.swift in Sources */ = {isa = PBXBuildFile; fileRef = CC6AEB722784AB71007D021A /* DetailViewModel.swift */; };
		CC6AEB772784AB71007D021A /* ListViewModel.swift in Sources */ = {isa = PBXBuildFile; fileRef = CC6AEB732784AB71007D021A /* ListViewModel.swift */; };
		CC6AEB782784AB71007D021A /* BaseViewModel.swift in Sources */ = {isa = PBXBuildFile; fileRef = CC6AEB752784AB71007D021A /* BaseViewModel.swift */; };
		CC6AEB7E2784AB7A007D021A /* BaseLabel.swift in Sources */ = {isa = PBXBuildFile; fileRef = CC6AEB7B2784AB79007D021A /* BaseLabel.swift */; };
		CC6AEB7F2784AB7A007D021A /* BaseView.swift in Sources */ = {isa = PBXBuildFile; fileRef = CC6AEB7C2784AB79007D021A /* BaseView.swift */; };
		CC6AEB802784AB7A007D021A /* BaseButton.swift in Sources */ = {isa = PBXBuildFile; fileRef = CC6AEB7D2784AB79007D021A /* BaseButton.swift */; };
		CC6AEB842784AB7F007D021A /* ViewExtensions.swift in Sources */ = {isa = PBXBuildFile; fileRef = CC6AEB822784AB7F007D021A /* ViewExtensions.swift */; };
		CC6AEB852784AB7F007D021A /* ColorExtensions.swift in Sources */ = {isa = PBXBuildFile; fileRef = CC6AEB832784AB7F007D021A /* ColorExtensions.swift */; };
		CC6AEB8D2784AB84007D021A /* Localize.swift in Sources */ = {isa = PBXBuildFile; fileRef = CC6AEB872784AB84007D021A /* Localize.swift */; };
		CC6AEB8E2784AB84007D021A /* UnitTestConstants.swift in Sources */ = {isa = PBXBuildFile; fileRef = CC6AEB882784AB84007D021A /* UnitTestConstants.swift */; };
		CC6AEB8F2784AB84007D021A /* ServiceConstants.swift in Sources */ = {isa = PBXBuildFile; fileRef = CC6AEB892784AB84007D021A /* ServiceConstants.swift */; };
		CC6AEB902784AB84007D021A /* Images.swift in Sources */ = {isa = PBXBuildFile; fileRef = CC6AEB8A2784AB84007D021A /* Images.swift */; };
		CC6AEB912784AB84007D021A /* AppConstants.swift in Sources */ = {isa = PBXBuildFile; fileRef = CC6AEB8B2784AB84007D021A /* AppConstants.swift */; };
		CC6AEB922784AB84007D021A /* Colors.swift in Sources */ = {isa = PBXBuildFile; fileRef = CC6AEB8C2784AB84007D021A /* Colors.swift */; };
		CC6AEB962784ACB7007D021A /* Localization.strings in Resources */ = {isa = PBXBuildFile; fileRef = CC6AEB982784ACB7007D021A /* Localization.strings */; };
		CC6AEB9B2784CBA0007D021A /* BaseNavigationViewController.swift in Sources */ = {isa = PBXBuildFile; fileRef = CC6AEB9A2784CBA0007D021A /* BaseNavigationViewController.swift */; };
		CC6AEBA22784CD25007D021A /* Router.swift in Sources */ = {isa = PBXBuildFile; fileRef = CC6AEBA12784CD25007D021A /* Router.swift */; };
		CC6AEBA62784D4F4007D021A /* MainViewController.swift in Sources */ = {isa = PBXBuildFile; fileRef = CC6AEBA42784D4F4007D021A /* MainViewController.swift */; };
		CC6AEBA72784D4F4007D021A /* MainViewController.xib in Resources */ = {isa = PBXBuildFile; fileRef = CC6AEBA52784D4F4007D021A /* MainViewController.xib */; };
		CC6AEBAA2784E2CB007D021A /* BaseCollectionView.swift in Sources */ = {isa = PBXBuildFile; fileRef = CC6AEBA92784E2CB007D021A /* BaseCollectionView.swift */; };
		CC6AEBAD2784E2DD007D021A /* ListCollectionViewCell.swift in Sources */ = {isa = PBXBuildFile; fileRef = CC6AEBAB2784E2DD007D021A /* ListCollectionViewCell.swift */; };
		CC6AEBAE2784E2DD007D021A /* ListCollectionViewCell.xib in Resources */ = {isa = PBXBuildFile; fileRef = CC6AEBAC2784E2DD007D021A /* ListCollectionViewCell.xib */; };
		CC6AEBB02784E4C3007D021A /* BaseCollectionViewCell.swift in Sources */ = {isa = PBXBuildFile; fileRef = CC6AEBAF2784E4C3007D021A /* BaseCollectionViewCell.swift */; };
		CC6AEBB42784EAEA007D021A /* SliderCollectionViewCell.swift in Sources */ = {isa = PBXBuildFile; fileRef = CC6AEBB22784EAEA007D021A /* SliderCollectionViewCell.swift */; };
		CC6AEBB52784EAEA007D021A /* SliderCollectionViewCell.xib in Resources */ = {isa = PBXBuildFile; fileRef = CC6AEBB32784EAEA007D021A /* SliderCollectionViewCell.xib */; };
		CC6AEBB82784EE0A007D021A /* SliderView.swift in Sources */ = {isa = PBXBuildFile; fileRef = CC6AEBB72784EE0A007D021A /* SliderView.swift */; };
		CC6AEBBA2784EE22007D021A /* SliderView.xib in Resources */ = {isa = PBXBuildFile; fileRef = CC6AEBB92784EE22007D021A /* SliderView.xib */; };
		CCDD179327876E4C00DF71D4 /* BaseImageView.swift in Sources */ = {isa = PBXBuildFile; fileRef = CCDD179227876E4C00DF71D4 /* BaseImageView.swift */; };
/* End PBXBuildFile section */

/* Begin PBXContainerItemProxy section */
		CC6AEB452784AB0B007D021A /* PBXContainerItemProxy */ = {
			isa = PBXContainerItemProxy;
			containerPortal = CC6AEB262784AB0A007D021A /* Project object */;
			proxyType = 1;
			remoteGlobalIDString = CC6AEB2D2784AB0A007D021A;
			remoteInfo = DemoProject;
		};
		CC6AEB502784AB0C007D021A /* PBXContainerItemProxy */ = {
			isa = PBXContainerItemProxy;
			containerPortal = CC6AEB262784AB0A007D021A /* Project object */;
			proxyType = 1;
			remoteGlobalIDString = CC6AEB2D2784AB0A007D021A;
			remoteInfo = DemoProject;
		};
/* End PBXContainerItemProxy section */

/* Begin PBXFileReference section */
		CC6AEB2E2784AB0A007D021A /* DemoProject.app */ = {isa = PBXFileReference; explicitFileType = wrapper.application; includeInIndex = 0; path = DemoProject.app; sourceTree = BUILT_PRODUCTS_DIR; };
		CC6AEB312784AB0A007D021A /* AppDelegate.swift */ = {isa = PBXFileReference; lastKnownFileType = sourcecode.swift; path = AppDelegate.swift; sourceTree = "<group>"; };
		CC6AEB3A2784AB0B007D021A /* Assets.xcassets */ = {isa = PBXFileReference; lastKnownFileType = folder.assetcatalog; path = Assets.xcassets; sourceTree = "<group>"; };
		CC6AEB3F2784AB0B007D021A /* Info.plist */ = {isa = PBXFileReference; lastKnownFileType = text.plist.xml; path = Info.plist; sourceTree = "<group>"; };
		CC6AEB442784AB0B007D021A /* DemoProjectTests.xctest */ = {isa = PBXFileReference; explicitFileType = wrapper.cfbundle; includeInIndex = 0; path = DemoProjectTests.xctest; sourceTree = BUILT_PRODUCTS_DIR; };
		CC6AEB482784AB0B007D021A /* DemoProjectTests.swift */ = {isa = PBXFileReference; lastKnownFileType = sourcecode.swift; path = DemoProjectTests.swift; sourceTree = "<group>"; };
		CC6AEB4A2784AB0B007D021A /* Info.plist */ = {isa = PBXFileReference; lastKnownFileType = text.plist.xml; path = Info.plist; sourceTree = "<group>"; };
		CC6AEB4F2784AB0C007D021A /* DemoProjectUITests.xctest */ = {isa = PBXFileReference; explicitFileType = wrapper.cfbundle; includeInIndex = 0; path = DemoProjectUITests.xctest; sourceTree = BUILT_PRODUCTS_DIR; };
		CC6AEB532784AB0C007D021A /* DemoProjectUITests.swift */ = {isa = PBXFileReference; lastKnownFileType = sourcecode.swift; path = DemoProjectUITests.swift; sourceTree = "<group>"; };
		CC6AEB552784AB0C007D021A /* Info.plist */ = {isa = PBXFileReference; lastKnownFileType = text.plist.xml; path = Info.plist; sourceTree = "<group>"; };
		CC6AEB622784AB4D007D021A /* CartListModel.swift */ = {isa = PBXFileReference; fileEncoding = 4; lastKnownFileType = sourcecode.swift; path = CartListModel.swift; sourceTree = "<group>"; };
		CC6AEB652784AB5F007D021A /* Service.swift */ = {isa = PBXFileReference; fileEncoding = 4; lastKnownFileType = sourcecode.swift; path = Service.swift; sourceTree = "<group>"; };
		CC6AEB662784AB5F007D021A /* Network.swift */ = {isa = PBXFileReference; fileEncoding = 4; lastKnownFileType = sourcecode.swift; path = Network.swift; sourceTree = "<group>"; };
		CC6AEB6E2784AB6D007D021A /* BaseViewController.swift */ = {isa = PBXFileReference; fileEncoding = 4; lastKnownFileType = sourcecode.swift; path = BaseViewController.swift; sourceTree = "<group>"; };
		CC6AEB722784AB71007D021A /* DetailViewModel.swift */ = {isa = PBXFileReference; fileEncoding = 4; lastKnownFileType = sourcecode.swift; path = DetailViewModel.swift; sourceTree = "<group>"; };
		CC6AEB732784AB71007D021A /* ListViewModel.swift */ = {isa = PBXFileReference; fileEncoding = 4; lastKnownFileType = sourcecode.swift; path = ListViewModel.swift; sourceTree = "<group>"; };
		CC6AEB752784AB71007D021A /* BaseViewModel.swift */ = {isa = PBXFileReference; fileEncoding = 4; lastKnownFileType = sourcecode.swift; path = BaseViewModel.swift; sourceTree = "<group>"; };
		CC6AEB7B2784AB79007D021A /* BaseLabel.swift */ = {isa = PBXFileReference; fileEncoding = 4; lastKnownFileType = sourcecode.swift; path = BaseLabel.swift; sourceTree = "<group>"; };
		CC6AEB7C2784AB79007D021A /* BaseView.swift */ = {isa = PBXFileReference; fileEncoding = 4; lastKnownFileType = sourcecode.swift; path = BaseView.swift; sourceTree = "<group>"; };
		CC6AEB7D2784AB79007D021A /* BaseButton.swift */ = {isa = PBXFileReference; fileEncoding = 4; lastKnownFileType = sourcecode.swift; path = BaseButton.swift; sourceTree = "<group>"; };
		CC6AEB822784AB7F007D021A /* ViewExtensions.swift */ = {isa = PBXFileReference; fileEncoding = 4; lastKnownFileType = sourcecode.swift; path = ViewExtensions.swift; sourceTree = "<group>"; };
		CC6AEB832784AB7F007D021A /* ColorExtensions.swift */ = {isa = PBXFileReference; fileEncoding = 4; lastKnownFileType = sourcecode.swift; path = ColorExtensions.swift; sourceTree = "<group>"; };
		CC6AEB872784AB84007D021A /* Localize.swift */ = {isa = PBXFileReference; fileEncoding = 4; lastKnownFileType = sourcecode.swift; path = Localize.swift; sourceTree = "<group>"; };
		CC6AEB882784AB84007D021A /* UnitTestConstants.swift */ = {isa = PBXFileReference; fileEncoding = 4; lastKnownFileType = sourcecode.swift; path = UnitTestConstants.swift; sourceTree = "<group>"; };
		CC6AEB892784AB84007D021A /* ServiceConstants.swift */ = {isa = PBXFileReference; fileEncoding = 4; lastKnownFileType = sourcecode.swift; path = ServiceConstants.swift; sourceTree = "<group>"; };
		CC6AEB8A2784AB84007D021A /* Images.swift */ = {isa = PBXFileReference; fileEncoding = 4; lastKnownFileType = sourcecode.swift; path = Images.swift; sourceTree = "<group>"; };
		CC6AEB8B2784AB84007D021A /* AppConstants.swift */ = {isa = PBXFileReference; fileEncoding = 4; lastKnownFileType = sourcecode.swift; path = AppConstants.swift; sourceTree = "<group>"; };
		CC6AEB8C2784AB84007D021A /* Colors.swift */ = {isa = PBXFileReference; fileEncoding = 4; lastKnownFileType = sourcecode.swift; path = Colors.swift; sourceTree = "<group>"; };
		CC6AEB972784ACB7007D021A /* en */ = {isa = PBXFileReference; lastKnownFileType = text.plist.strings; name = en; path = en.lproj/Localization.strings; sourceTree = "<group>"; };
		CC6AEB992784ACC3007D021A /* tr */ = {isa = PBXFileReference; lastKnownFileType = text.plist.strings; name = tr; path = tr.lproj/Localization.strings; sourceTree = "<group>"; };
		CC6AEB9A2784CBA0007D021A /* BaseNavigationViewController.swift */ = {isa = PBXFileReference; lastKnownFileType = sourcecode.swift; path = BaseNavigationViewController.swift; sourceTree = "<group>"; };
		CC6AEBA12784CD25007D021A /* Router.swift */ = {isa = PBXFileReference; lastKnownFileType = sourcecode.swift; path = Router.swift; sourceTree = "<group>"; };
		CC6AEBA42784D4F4007D021A /* MainViewController.swift */ = {isa = PBXFileReference; lastKnownFileType = sourcecode.swift; path = MainViewController.swift; sourceTree = "<group>"; };
		CC6AEBA52784D4F4007D021A /* MainViewController.xib */ = {isa = PBXFileReference; lastKnownFileType = file.xib; path = MainViewController.xib; sourceTree = "<group>"; };
		CC6AEBA92784E2CB007D021A /* BaseCollectionView.swift */ = {isa = PBXFileReference; lastKnownFileType = sourcecode.swift; path = BaseCollectionView.swift; sourceTree = "<group>"; };
		CC6AEBAB2784E2DD007D021A /* ListCollectionViewCell.swift */ = {isa = PBXFileReference; lastKnownFileType = sourcecode.swift; path = ListCollectionViewCell.swift; sourceTree = "<group>"; };
		CC6AEBAC2784E2DD007D021A /* ListCollectionViewCell.xib */ = {isa = PBXFileReference; lastKnownFileType = file.xib; path = ListCollectionViewCell.xib; sourceTree = "<group>"; };
		CC6AEBAF2784E4C3007D021A /* BaseCollectionViewCell.swift */ = {isa = PBXFileReference; lastKnownFileType = sourcecode.swift; path = BaseCollectionViewCell.swift; sourceTree = "<group>"; };
		CC6AEBB22784EAEA007D021A /* SliderCollectionViewCell.swift */ = {isa = PBXFileReference; lastKnownFileType = sourcecode.swift; path = SliderCollectionViewCell.swift; sourceTree = "<group>"; };
		CC6AEBB32784EAEA007D021A /* SliderCollectionViewCell.xib */ = {isa = PBXFileReference; lastKnownFileType = file.xib; path = SliderCollectionViewCell.xib; sourceTree = "<group>"; };
		CC6AEBB72784EE0A007D021A /* SliderView.swift */ = {isa = PBXFileReference; lastKnownFileType = sourcecode.swift; path = SliderView.swift; sourceTree = "<group>"; };
		CC6AEBB92784EE22007D021A /* SliderView.xib */ = {isa = PBXFileReference; lastKnownFileType = file.xib; path = SliderView.xib; sourceTree = "<group>"; };
		CCDD179227876E4C00DF71D4 /* BaseImageView.swift */ = {isa = PBXFileReference; lastKnownFileType = sourcecode.swift; path = BaseImageView.swift; sourceTree = "<group>"; };
/* End PBXFileReference section */

/* Begin PBXFrameworksBuildPhase section */
		CC6AEB2B2784AB0A007D021A /* Frameworks */ = {
			isa = PBXFrameworksBuildPhase;
			buildActionMask = 2147483647;
			files = (
			);
			runOnlyForDeploymentPostprocessing = 0;
		};
		CC6AEB412784AB0B007D021A /* Frameworks */ = {
			isa = PBXFrameworksBuildPhase;
			buildActionMask = 2147483647;
			files = (
			);
			runOnlyForDeploymentPostprocessing = 0;
		};
		CC6AEB4C2784AB0C007D021A /* Frameworks */ = {
			isa = PBXFrameworksBuildPhase;
			buildActionMask = 2147483647;
			files = (
			);
			runOnlyForDeploymentPostprocessing = 0;
		};
/* End PBXFrameworksBuildPhase section */

/* Begin PBXGroup section */
		CC6AEB252784AB0A007D021A = {
			isa = PBXGroup;
			children = (
				CC6AEB302784AB0A007D021A /* DemoProject */,
				CC6AEB472784AB0B007D021A /* DemoProjectTests */,
				CC6AEB522784AB0C007D021A /* DemoProjectUITests */,
				CC6AEB2F2784AB0A007D021A /* Products */,
			);
			sourceTree = "<group>";
		};
		CC6AEB2F2784AB0A007D021A /* Products */ = {
			isa = PBXGroup;
			children = (
				CC6AEB2E2784AB0A007D021A /* DemoProject.app */,
				CC6AEB442784AB0B007D021A /* DemoProjectTests.xctest */,
				CC6AEB4F2784AB0C007D021A /* DemoProjectUITests.xctest */,
			);
			name = Products;
			sourceTree = "<group>";
		};
		CC6AEB302784AB0A007D021A /* DemoProject */ = {
			isa = PBXGroup;
			children = (
				CC6AEB932784AC13007D021A /* Main */,
				CC6AEB862784AB84007D021A /* Constants */,
				CC6AEB812784AB7F007D021A /* Extensions */,
				CC6AEB792784AB79007D021A /* Views */,
				CC6AEB712784AB71007D021A /* ViewModels */,
				CC6AEB6B2784AB6D007D021A /* Controllers */,
				CC6AEB642784AB5F007D021A /* Managers */,
				CC6AEB612784AB4D007D021A /* Models */,
			);
			path = DemoProject;
			sourceTree = "<group>";
		};
		CC6AEB472784AB0B007D021A /* DemoProjectTests */ = {
			isa = PBXGroup;
			children = (
				CC6AEB482784AB0B007D021A /* DemoProjectTests.swift */,
				CC6AEB4A2784AB0B007D021A /* Info.plist */,
			);
			path = DemoProjectTests;
			sourceTree = "<group>";
		};
		CC6AEB522784AB0C007D021A /* DemoProjectUITests */ = {
			isa = PBXGroup;
			children = (
				CC6AEB532784AB0C007D021A /* DemoProjectUITests.swift */,
				CC6AEB552784AB0C007D021A /* Info.plist */,
			);
			path = DemoProjectUITests;
			sourceTree = "<group>";
		};
		CC6AEB612784AB4D007D021A /* Models */ = {
			isa = PBXGroup;
			children = (
				CC6AEB622784AB4D007D021A /* CartListModel.swift */,
			);
			path = Models;
			sourceTree = "<group>";
		};
		CC6AEB642784AB5F007D021A /* Managers */ = {
			isa = PBXGroup;
			children = (
				CC6AEBA02784CCD5007D021A /* Router */,
				CC6AEB9F2784CCCC007D021A /* Network */,
			);
			path = Managers;
			sourceTree = "<group>";
		};
		CC6AEB6B2784AB6D007D021A /* Controllers */ = {
			isa = PBXGroup;
			children = (
				CC6AEB6D2784AB6D007D021A /* Base */,
				CC6AEB9C2784CC58007D021A /* Main */,
			);
			path = Controllers;
			sourceTree = "<group>";
		};
		CC6AEB6D2784AB6D007D021A /* Base */ = {
			isa = PBXGroup;
			children = (
				CC6AEB9A2784CBA0007D021A /* BaseNavigationViewController.swift */,
				CC6AEB6E2784AB6D007D021A /* BaseViewController.swift */,
			);
			path = Base;
			sourceTree = "<group>";
		};
		CC6AEB712784AB71007D021A /* ViewModels */ = {
			isa = PBXGroup;
			children = (
				CC6AEB742784AB71007D021A /* Base */,
				CC6AEB722784AB71007D021A /* DetailViewModel.swift */,
				CC6AEB732784AB71007D021A /* ListViewModel.swift */,
			);
			path = ViewModels;
			sourceTree = "<group>";
		};
		CC6AEB742784AB71007D021A /* Base */ = {
			isa = PBXGroup;
			children = (
				CC6AEB752784AB71007D021A /* BaseViewModel.swift */,
			);
			path = Base;
			sourceTree = "<group>";
		};
		CC6AEB792784AB79007D021A /* Views */ = {
			isa = PBXGroup;
			children = (
				CC6AEBB62784EB14007D021A /* CustomViews */,
				CC6AEBB12784EAC8007D021A /* SliderCollectionViewCell */,
				CC6AEBA82784E29E007D021A /* ListCollectionCell */,
				CC6AEB7A2784AB79007D021A /* Base */,
			);
			path = Views;
			sourceTree = "<group>";
		};
		CC6AEB7A2784AB79007D021A /* Base */ = {
			isa = PBXGroup;
			children = (
				CC6AEB7B2784AB79007D021A /* BaseLabel.swift */,
				CC6AEB7C2784AB79007D021A /* BaseView.swift */,
				CC6AEB7D2784AB79007D021A /* BaseButton.swift */,
				CC6AEBA92784E2CB007D021A /* BaseCollectionView.swift */,
				CC6AEBAF2784E4C3007D021A /* BaseCollectionViewCell.swift */,
				CCDD179227876E4C00DF71D4 /* BaseImageView.swift */,
			);
			path = Base;
			sourceTree = "<group>";
		};
		CC6AEB812784AB7F007D021A /* Extensions */ = {
			isa = PBXGroup;
			children = (
				CC6AEB822784AB7F007D021A /* ViewExtensions.swift */,
				CC6AEB832784AB7F007D021A /* ColorExtensions.swift */,
			);
			path = Extensions;
			sourceTree = "<group>";
		};
		CC6AEB862784AB84007D021A /* Constants */ = {
			isa = PBXGroup;
			children = (
				CC6AEB872784AB84007D021A /* Localize.swift */,
				CC6AEB882784AB84007D021A /* UnitTestConstants.swift */,
				CC6AEB892784AB84007D021A /* ServiceConstants.swift */,
				CC6AEB8A2784AB84007D021A /* Images.swift */,
				CC6AEB8B2784AB84007D021A /* AppConstants.swift */,
				CC6AEB8C2784AB84007D021A /* Colors.swift */,
			);
			path = Constants;
			sourceTree = "<group>";
		};
		CC6AEB932784AC13007D021A /* Main */ = {
			isa = PBXGroup;
			children = (
				CC6AEB312784AB0A007D021A /* AppDelegate.swift */,
				CC6AEB3A2784AB0B007D021A /* Assets.xcassets */,
				CC6AEB3F2784AB0B007D021A /* Info.plist */,
				CC6AEB982784ACB7007D021A /* Localization.strings */,
			);
			path = Main;
			sourceTree = "<group>";
		};
		CC6AEB9C2784CC58007D021A /* Main */ = {
			isa = PBXGroup;
			children = (
				CC6AEBA42784D4F4007D021A /* MainViewController.swift */,
				CC6AEBA52784D4F4007D021A /* MainViewController.xib */,
			);
			path = Main;
			sourceTree = "<group>";
		};
		CC6AEB9F2784CCCC007D021A /* Network */ = {
			isa = PBXGroup;
			children = (
				CC6AEB652784AB5F007D021A /* Service.swift */,
				CC6AEB662784AB5F007D021A /* Network.swift */,
			);
			path = Network;
			sourceTree = "<group>";
		};
		CC6AEBA02784CCD5007D021A /* Router */ = {
			isa = PBXGroup;
			children = (
				CC6AEBA12784CD25007D021A /* Router.swift */,
			);
			path = Router;
			sourceTree = "<group>";
		};
		CC6AEBA82784E29E007D021A /* ListCollectionCell */ = {
			isa = PBXGroup;
			children = (
				CC6AEBAB2784E2DD007D021A /* ListCollectionViewCell.swift */,
				CC6AEBAC2784E2DD007D021A /* ListCollectionViewCell.xib */,
			);
			path = ListCollectionCell;
			sourceTree = "<group>";
		};
		CC6AEBB12784EAC8007D021A /* SliderCollectionViewCell */ = {
			isa = PBXGroup;
			children = (
				CC6AEBB22784EAEA007D021A /* SliderCollectionViewCell.swift */,
				CC6AEBB32784EAEA007D021A /* SliderCollectionViewCell.xib */,
			);
			path = SliderCollectionViewCell;
			sourceTree = "<group>";
		};
		CC6AEBB62784EB14007D021A /* CustomViews */ = {
			isa = PBXGroup;
			children = (
				CC6AEBB72784EE0A007D021A /* SliderView.swift */,
				CC6AEBB92784EE22007D021A /* SliderView.xib */,
			);
			path = CustomViews;
			sourceTree = "<group>";
		};
/* End PBXGroup section */

/* Begin PBXNativeTarget section */
		CC6AEB2D2784AB0A007D021A /* DemoProject */ = {
			isa = PBXNativeTarget;
			buildConfigurationList = CC6AEB582784AB0C007D021A /* Build configuration list for PBXNativeTarget "DemoProject" */;
			buildPhases = (
				CC6AEB2A2784AB0A007D021A /* Sources */,
				CC6AEB2B2784AB0A007D021A /* Frameworks */,
				CC6AEB2C2784AB0A007D021A /* Resources */,
			);
			buildRules = (
			);
			dependencies = (
			);
			name = DemoProject;
			productName = DemoProject;
			productReference = CC6AEB2E2784AB0A007D021A /* DemoProject.app */;
			productType = "com.apple.product-type.application";
		};
		CC6AEB432784AB0B007D021A /* DemoProjectTests */ = {
			isa = PBXNativeTarget;
			buildConfigurationList = CC6AEB5B2784AB0C007D021A /* Build configuration list for PBXNativeTarget "DemoProjectTests" */;
			buildPhases = (
				CC6AEB402784AB0B007D021A /* Sources */,
				CC6AEB412784AB0B007D021A /* Frameworks */,
				CC6AEB422784AB0B007D021A /* Resources */,
			);
			buildRules = (
			);
			dependencies = (
				CC6AEB462784AB0B007D021A /* PBXTargetDependency */,
			);
			name = DemoProjectTests;
			productName = DemoProjectTests;
			productReference = CC6AEB442784AB0B007D021A /* DemoProjectTests.xctest */;
			productType = "com.apple.product-type.bundle.unit-test";
		};
		CC6AEB4E2784AB0C007D021A /* DemoProjectUITests */ = {
			isa = PBXNativeTarget;
			buildConfigurationList = CC6AEB5E2784AB0C007D021A /* Build configuration list for PBXNativeTarget "DemoProjectUITests" */;
			buildPhases = (
				CC6AEB4B2784AB0C007D021A /* Sources */,
				CC6AEB4C2784AB0C007D021A /* Frameworks */,
				CC6AEB4D2784AB0C007D021A /* Resources */,
			);
			buildRules = (
			);
			dependencies = (
				CC6AEB512784AB0C007D021A /* PBXTargetDependency */,
			);
			name = DemoProjectUITests;
			productName = DemoProjectUITests;
			productReference = CC6AEB4F2784AB0C007D021A /* DemoProjectUITests.xctest */;
			productType = "com.apple.product-type.bundle.ui-testing";
		};
/* End PBXNativeTarget section */

/* Begin PBXProject section */
		CC6AEB262784AB0A007D021A /* Project object */ = {
			isa = PBXProject;
			attributes = {
				LastSwiftUpdateCheck = 1250;
				LastUpgradeCheck = 1250;
				TargetAttributes = {
					CC6AEB2D2784AB0A007D021A = {
						CreatedOnToolsVersion = 12.5;
					};
					CC6AEB432784AB0B007D021A = {
						CreatedOnToolsVersion = 12.5;
						TestTargetID = CC6AEB2D2784AB0A007D021A;
					};
					CC6AEB4E2784AB0C007D021A = {
						CreatedOnToolsVersion = 12.5;
						TestTargetID = CC6AEB2D2784AB0A007D021A;
					};
				};
			};
			buildConfigurationList = CC6AEB292784AB0A007D021A /* Build configuration list for PBXProject "DemoProject" */;
			compatibilityVersion = "Xcode 9.3";
			developmentRegion = en;
			hasScannedForEncodings = 0;
			knownRegions = (
				en,
				Base,
				tr,
			);
			mainGroup = CC6AEB252784AB0A007D021A;
			productRefGroup = CC6AEB2F2784AB0A007D021A /* Products */;
			projectDirPath = "";
			projectRoot = "";
			targets = (
				CC6AEB2D2784AB0A007D021A /* DemoProject */,
				CC6AEB432784AB0B007D021A /* DemoProjectTests */,
				CC6AEB4E2784AB0C007D021A /* DemoProjectUITests */,
			);
		};
/* End PBXProject section */

/* Begin PBXResourcesBuildPhase section */
		CC6AEB2C2784AB0A007D021A /* Resources */ = {
			isa = PBXResourcesBuildPhase;
			buildActionMask = 2147483647;
			files = (
				CC6AEB962784ACB7007D021A /* Localization.strings in Resources */,
				CC6AEBBA2784EE22007D021A /* SliderView.xib in Resources */,
				CC6AEBB52784EAEA007D021A /* SliderCollectionViewCell.xib in Resources */,
				CC6AEBA72784D4F4007D021A /* MainViewController.xib in Resources */,
				CC6AEBAE2784E2DD007D021A /* ListCollectionViewCell.xib in Resources */,
				CC6AEB3B2784AB0B007D021A /* Assets.xcassets in Resources */,
			);
			runOnlyForDeploymentPostprocessing = 0;
		};
		CC6AEB422784AB0B007D021A /* Resources */ = {
			isa = PBXResourcesBuildPhase;
			buildActionMask = 2147483647;
			files = (
			);
			runOnlyForDeploymentPostprocessing = 0;
		};
		CC6AEB4D2784AB0C007D021A /* Resources */ = {
			isa = PBXResourcesBuildPhase;
			buildActionMask = 2147483647;
			files = (
			);
			runOnlyForDeploymentPostprocessing = 0;
		};
/* End PBXResourcesBuildPhase section */

/* Begin PBXSourcesBuildPhase section */
		CC6AEB2A2784AB0A007D021A /* Sources */ = {
			isa = PBXSourcesBuildPhase;
			buildActionMask = 2147483647;
			files = (
				CC6AEBA22784CD25007D021A /* Router.swift in Sources */,
				CC6AEBA62784D4F4007D021A /* MainViewController.swift in Sources */,
				CC6AEB8D2784AB84007D021A /* Localize.swift in Sources */,
				CC6AEB8E2784AB84007D021A /* UnitTestConstants.swift in Sources */,
				CC6AEB912784AB84007D021A /* AppConstants.swift in Sources */,
				CC6AEB8F2784AB84007D021A /* ServiceConstants.swift in Sources */,
				CC6AEB802784AB7A007D021A /* BaseButton.swift in Sources */,
				CC6AEB7E2784AB7A007D021A /* BaseLabel.swift in Sources */,
				CC6AEB322784AB0A007D021A /* AppDelegate.swift in Sources */,
				CC6AEB902784AB84007D021A /* Images.swift in Sources */,
				CC6AEB692784AB5F007D021A /* Network.swift in Sources */,
				CC6AEB762784AB71007D021A /* DetailViewModel.swift in Sources */,
				CC6AEB9B2784CBA0007D021A /* BaseNavigationViewController.swift in Sources */,
				CC6AEB782784AB71007D021A /* BaseViewModel.swift in Sources */,
				CC6AEB922784AB84007D021A /* Colors.swift in Sources */,
				CC6AEBB02784E4C3007D021A /* BaseCollectionViewCell.swift in Sources */,
				CC6AEB682784AB5F007D021A /* Service.swift in Sources */,
				CC6AEBB42784EAEA007D021A /* SliderCollectionViewCell.swift in Sources */,
				CC6AEB702784AB6D007D021A /* BaseViewController.swift in Sources */,
				CC6AEB842784AB7F007D021A /* ViewExtensions.swift in Sources */,
				CC6AEBAD2784E2DD007D021A /* ListCollectionViewCell.swift in Sources */,
				CC6AEBB82784EE0A007D021A /* SliderView.swift in Sources */,
				CC6AEBAA2784E2CB007D021A /* BaseCollectionView.swift in Sources */,
				CC6AEB632784AB4D007D021A /* CartListModel.swift in Sources */,
				CC6AEB7F2784AB7A007D021A /* BaseView.swift in Sources */,
				CC6AEB772784AB71007D021A /* ListViewModel.swift in Sources */,
				CC6AEB852784AB7F007D021A /* ColorExtensions.swift in Sources */,
				CCDD179327876E4C00DF71D4 /* BaseImageView.swift in Sources */,
			);
			runOnlyForDeploymentPostprocessing = 0;
		};
		CC6AEB402784AB0B007D021A /* Sources */ = {
			isa = PBXSourcesBuildPhase;
			buildActionMask = 2147483647;
			files = (
				CC6AEB492784AB0B007D021A /* DemoProjectTests.swift in Sources */,
			);
			runOnlyForDeploymentPostprocessing = 0;
		};
		CC6AEB4B2784AB0C007D021A /* Sources */ = {
			isa = PBXSourcesBuildPhase;
			buildActionMask = 2147483647;
			files = (
				CC6AEB542784AB0C007D021A /* DemoProjectUITests.swift in Sources */,
			);
			runOnlyForDeploymentPostprocessing = 0;
		};
/* End PBXSourcesBuildPhase section */

/* Begin PBXTargetDependency section */
		CC6AEB462784AB0B007D021A /* PBXTargetDependency */ = {
			isa = PBXTargetDependency;
			target = CC6AEB2D2784AB0A007D021A /* DemoProject */;
			targetProxy = CC6AEB452784AB0B007D021A /* PBXContainerItemProxy */;
		};
		CC6AEB512784AB0C007D021A /* PBXTargetDependency */ = {
			isa = PBXTargetDependency;
			target = CC6AEB2D2784AB0A007D021A /* DemoProject */;
			targetProxy = CC6AEB502784AB0C007D021A /* PBXContainerItemProxy */;
		};
/* End PBXTargetDependency section */

/* Begin PBXVariantGroup section */
		CC6AEB982784ACB7007D021A /* Localization.strings */ = {
			isa = PBXVariantGroup;
			children = (
				CC6AEB972784ACB7007D021A /* en */,
				CC6AEB992784ACC3007D021A /* tr */,
			);
			name = Localization.strings;
			sourceTree = "<group>";
		};
/* End PBXVariantGroup section */

/* Begin XCBuildConfiguration section */
		CC6AEB562784AB0C007D021A /* Debug */ = {
			isa = XCBuildConfiguration;
			buildSettings = {
				ALWAYS_SEARCH_USER_PATHS = NO;
				CLANG_ANALYZER_LOCALIZABILITY_NONLOCALIZED = YES;
				CLANG_ANALYZER_NONNULL = YES;
				CLANG_ANALYZER_NUMBER_OBJECT_CONVERSION = YES_AGGRESSIVE;
				CLANG_CXX_LANGUAGE_STANDARD = "gnu++14";
				CLANG_CXX_LIBRARY = "libc++";
				CLANG_ENABLE_MODULES = YES;
				CLANG_ENABLE_OBJC_ARC = YES;
				CLANG_ENABLE_OBJC_WEAK = YES;
				CLANG_WARN_BLOCK_CAPTURE_AUTORELEASING = YES;
				CLANG_WARN_BOOL_CONVERSION = YES;
				CLANG_WARN_COMMA = YES;
				CLANG_WARN_CONSTANT_CONVERSION = YES;
				CLANG_WARN_DEPRECATED_OBJC_IMPLEMENTATIONS = YES;
				CLANG_WARN_DIRECT_OBJC_ISA_USAGE = YES_ERROR;
				CLANG_WARN_DOCUMENTATION_COMMENTS = YES;
				CLANG_WARN_EMPTY_BODY = YES;
				CLANG_WARN_ENUM_CONVERSION = YES;
				CLANG_WARN_INFINITE_RECURSION = YES;
				CLANG_WARN_INT_CONVERSION = YES;
				CLANG_WARN_NON_LITERAL_NULL_CONVERSION = YES;
				CLANG_WARN_OBJC_IMPLICIT_RETAIN_SELF = YES;
				CLANG_WARN_OBJC_LITERAL_CONVERSION = YES;
				CLANG_WARN_OBJC_ROOT_CLASS = YES_ERROR;
				CLANG_WARN_QUOTED_INCLUDE_IN_FRAMEWORK_HEADER = YES;
				CLANG_WARN_RANGE_LOOP_ANALYSIS = YES;
				CLANG_WARN_STRICT_PROTOTYPES = YES;
				CLANG_WARN_SUSPICIOUS_MOVE = YES;
				CLANG_WARN_UNGUARDED_AVAILABILITY = YES_AGGRESSIVE;
				CLANG_WARN_UNREACHABLE_CODE = YES;
				CLANG_WARN__DUPLICATE_METHOD_MATCH = YES;
				COPY_PHASE_STRIP = NO;
				DEBUG_INFORMATION_FORMAT = dwarf;
				ENABLE_STRICT_OBJC_MSGSEND = YES;
				ENABLE_TESTABILITY = YES;
				GCC_C_LANGUAGE_STANDARD = gnu11;
				GCC_DYNAMIC_NO_PIC = NO;
				GCC_NO_COMMON_BLOCKS = YES;
				GCC_OPTIMIZATION_LEVEL = 0;
				GCC_PREPROCESSOR_DEFINITIONS = (
					"DEBUG=1",
					"$(inherited)",
				);
				GCC_WARN_64_TO_32_BIT_CONVERSION = YES;
				GCC_WARN_ABOUT_RETURN_TYPE = YES_ERROR;
				GCC_WARN_UNDECLARED_SELECTOR = YES;
				GCC_WARN_UNINITIALIZED_AUTOS = YES_AGGRESSIVE;
				GCC_WARN_UNUSED_FUNCTION = YES;
				GCC_WARN_UNUSED_VARIABLE = YES;
				IPHONEOS_DEPLOYMENT_TARGET = 11.0;
				MTL_ENABLE_DEBUG_INFO = INCLUDE_SOURCE;
				MTL_FAST_MATH = YES;
				ONLY_ACTIVE_ARCH = YES;
				SDKROOT = iphoneos;
				SWIFT_ACTIVE_COMPILATION_CONDITIONS = DEBUG;
				SWIFT_OPTIMIZATION_LEVEL = "-Onone";
			};
			name = Debug;
		};
		CC6AEB572784AB0C007D021A /* Release */ = {
			isa = XCBuildConfiguration;
			buildSettings = {
				ALWAYS_SEARCH_USER_PATHS = NO;
				CLANG_ANALYZER_LOCALIZABILITY_NONLOCALIZED = YES;
				CLANG_ANALYZER_NONNULL = YES;
				CLANG_ANALYZER_NUMBER_OBJECT_CONVERSION = YES_AGGRESSIVE;
				CLANG_CXX_LANGUAGE_STANDARD = "gnu++14";
				CLANG_CXX_LIBRARY = "libc++";
				CLANG_ENABLE_MODULES = YES;
				CLANG_ENABLE_OBJC_ARC = YES;
				CLANG_ENABLE_OBJC_WEAK = YES;
				CLANG_WARN_BLOCK_CAPTURE_AUTORELEASING = YES;
				CLANG_WARN_BOOL_CONVERSION = YES;
				CLANG_WARN_COMMA = YES;
				CLANG_WARN_CONSTANT_CONVERSION = YES;
				CLANG_WARN_DEPRECATED_OBJC_IMPLEMENTATIONS = YES;
				CLANG_WARN_DIRECT_OBJC_ISA_USAGE = YES_ERROR;
				CLANG_WARN_DOCUMENTATION_COMMENTS = YES;
				CLANG_WARN_EMPTY_BODY = YES;
				CLANG_WARN_ENUM_CONVERSION = YES;
				CLANG_WARN_INFINITE_RECURSION = YES;
				CLANG_WARN_INT_CONVERSION = YES;
				CLANG_WARN_NON_LITERAL_NULL_CONVERSION = YES;
				CLANG_WARN_OBJC_IMPLICIT_RETAIN_SELF = YES;
				CLANG_WARN_OBJC_LITERAL_CONVERSION = YES;
				CLANG_WARN_OBJC_ROOT_CLASS = YES_ERROR;
				CLANG_WARN_QUOTED_INCLUDE_IN_FRAMEWORK_HEADER = YES;
				CLANG_WARN_RANGE_LOOP_ANALYSIS = YES;
				CLANG_WARN_STRICT_PROTOTYPES = YES;
				CLANG_WARN_SUSPICIOUS_MOVE = YES;
				CLANG_WARN_UNGUARDED_AVAILABILITY = YES_AGGRESSIVE;
				CLANG_WARN_UNREACHABLE_CODE = YES;
				CLANG_WARN__DUPLICATE_METHOD_MATCH = YES;
				COPY_PHASE_STRIP = NO;
				DEBUG_INFORMATION_FORMAT = "dwarf-with-dsym";
				ENABLE_NS_ASSERTIONS = NO;
				ENABLE_STRICT_OBJC_MSGSEND = YES;
				GCC_C_LANGUAGE_STANDARD = gnu11;
				GCC_NO_COMMON_BLOCKS = YES;
				GCC_WARN_64_TO_32_BIT_CONVERSION = YES;
				GCC_WARN_ABOUT_RETURN_TYPE = YES_ERROR;
				GCC_WARN_UNDECLARED_SELECTOR = YES;
				GCC_WARN_UNINITIALIZED_AUTOS = YES_AGGRESSIVE;
				GCC_WARN_UNUSED_FUNCTION = YES;
				GCC_WARN_UNUSED_VARIABLE = YES;
				IPHONEOS_DEPLOYMENT_TARGET = 11.0;
				MTL_ENABLE_DEBUG_INFO = NO;
				MTL_FAST_MATH = YES;
				SDKROOT = iphoneos;
				SWIFT_COMPILATION_MODE = wholemodule;
				SWIFT_OPTIMIZATION_LEVEL = "-O";
				VALIDATE_PRODUCT = YES;
			};
			name = Release;
		};
		CC6AEB592784AB0C007D021A /* Debug */ = {
			isa = XCBuildConfiguration;
			buildSettings = {
				ASSETCATALOG_COMPILER_APPICON_NAME = AppIcon;
				ASSETCATALOG_COMPILER_GLOBAL_ACCENT_COLOR_NAME = AccentColor;
				CODE_SIGN_STYLE = Automatic;
				CURRENT_PROJECT_VERSION = 1;
				DEVELOPMENT_TEAM = HMUBHG4JC5;
				INFOPLIST_FILE = DemoProject/Main/Info.plist;
				IPHONEOS_DEPLOYMENT_TARGET = 11.0;
				LD_RUNPATH_SEARCH_PATHS = (
					"$(inherited)",
					"@executable_path/Frameworks",
				);
				MARKETING_VERSION = 1.0;
				PRODUCT_BUNDLE_IDENTIFIER = com.onurguler.DemoProject;
				PRODUCT_NAME = "$(TARGET_NAME)";
				SWIFT_VERSION = 5.0;
				TARGETED_DEVICE_FAMILY = "1,2";
			};
			name = Debug;
		};
		CC6AEB5A2784AB0C007D021A /* Release */ = {
			isa = XCBuildConfiguration;
			buildSettings = {
				ASSETCATALOG_COMPILER_APPICON_NAME = AppIcon;
				ASSETCATALOG_COMPILER_GLOBAL_ACCENT_COLOR_NAME = AccentColor;
				CODE_SIGN_STYLE = Automatic;
				CURRENT_PROJECT_VERSION = 1;
				DEVELOPMENT_TEAM = HMUBHG4JC5;
				INFOPLIST_FILE = DemoProject/Main/Info.plist;
				IPHONEOS_DEPLOYMENT_TARGET = 11.0;
				LD_RUNPATH_SEARCH_PATHS = (
					"$(inherited)",
					"@executable_path/Frameworks",
				);
				MARKETING_VERSION = 1.0;
				PRODUCT_BUNDLE_IDENTIFIER = com.onurguler.DemoProject;
				PRODUCT_NAME = "$(TARGET_NAME)";
				SWIFT_VERSION = 5.0;
				TARGETED_DEVICE_FAMILY = "1,2";
			};
			name = Release;
		};
		CC6AEB5C2784AB0C007D021A /* Debug */ = {
			isa = XCBuildConfiguration;
			buildSettings = {
				ALWAYS_EMBED_SWIFT_STANDARD_LIBRARIES = YES;
				BUNDLE_LOADER = "$(TEST_HOST)";
				CODE_SIGN_STYLE = Automatic;
				DEVELOPMENT_TEAM = HMUBHG4JC5;
				INFOPLIST_FILE = DemoProjectTests/Info.plist;
				IPHONEOS_DEPLOYMENT_TARGET = 14.5;
				LD_RUNPATH_SEARCH_PATHS = (
					"$(inherited)",
					"@executable_path/Frameworks",
					"@loader_path/Frameworks",
				);
				PRODUCT_BUNDLE_IDENTIFIER = com.onurguler.DemoProjectTests;
				PRODUCT_NAME = "$(TARGET_NAME)";
				SWIFT_VERSION = 5.0;
				TARGETED_DEVICE_FAMILY = "1,2";
				TEST_HOST = "$(BUILT_PRODUCTS_DIR)/DemoProject.app/DemoProject";
			};
			name = Debug;
		};
		CC6AEB5D2784AB0C007D021A /* Release */ = {
			isa = XCBuildConfiguration;
			buildSettings = {
				ALWAYS_EMBED_SWIFT_STANDARD_LIBRARIES = YES;
				BUNDLE_LOADER = "$(TEST_HOST)";
				CODE_SIGN_STYLE = Automatic;
				DEVELOPMENT_TEAM = HMUBHG4JC5;
				INFOPLIST_FILE = DemoProjectTests/Info.plist;
				IPHONEOS_DEPLOYMENT_TARGET = 14.5;
				LD_RUNPATH_SEARCH_PATHS = (
					"$(inherited)",
					"@executable_path/Frameworks",
					"@loader_path/Frameworks",
				);
				PRODUCT_BUNDLE_IDENTIFIER = com.onurguler.DemoProjectTests;
				PRODUCT_NAME = "$(TARGET_NAME)";
				SWIFT_VERSION = 5.0;
				TARGETED_DEVICE_FAMILY = "1,2";
				TEST_HOST = "$(BUILT_PRODUCTS_DIR)/DemoProject.app/DemoProject";
			};
			name = Release;
		};
		CC6AEB5F2784AB0C007D021A /* Debug */ = {
			isa = XCBuildConfiguration;
			buildSettings = {
				ALWAYS_EMBED_SWIFT_STANDARD_LIBRARIES = YES;
				CODE_SIGN_STYLE = Automatic;
				DEVELOPMENT_TEAM = HMUBHG4JC5;
				INFOPLIST_FILE = DemoProjectUITests/Info.plist;
				LD_RUNPATH_SEARCH_PATHS = (
					"$(inherited)",
					"@executable_path/Frameworks",
					"@loader_path/Frameworks",
				);
				PRODUCT_BUNDLE_IDENTIFIER = com.onurguler.DemoProjectUITests;
				PRODUCT_NAME = "$(TARGET_NAME)";
				SWIFT_VERSION = 5.0;
				TARGETED_DEVICE_FAMILY = "1,2";
				TEST_TARGET_NAME = DemoProject;
			};
			name = Debug;
		};
		CC6AEB602784AB0C007D021A /* Release */ = {
			isa = XCBuildConfiguration;
			buildSettings = {
				ALWAYS_EMBED_SWIFT_STANDARD_LIBRARIES = YES;
				CODE_SIGN_STYLE = Automatic;
				DEVELOPMENT_TEAM = HMUBHG4JC5;
				INFOPLIST_FILE = DemoProjectUITests/Info.plist;
				LD_RUNPATH_SEARCH_PATHS = (
					"$(inherited)",
					"@executable_path/Frameworks",
					"@loader_path/Frameworks",
				);
				PRODUCT_BUNDLE_IDENTIFIER = com.onurguler.DemoProjectUITests;
				PRODUCT_NAME = "$(TARGET_NAME)";
				SWIFT_VERSION = 5.0;
				TARGETED_DEVICE_FAMILY = "1,2";
				TEST_TARGET_NAME = DemoProject;
			};
			name = Release;
		};
/* End XCBuildConfiguration section */

/* Begin XCConfigurationList section */
		CC6AEB292784AB0A007D021A /* Build configuration list for PBXProject "DemoProject" */ = {
			isa = XCConfigurationList;
			buildConfigurations = (
				CC6AEB562784AB0C007D021A /* Debug */,
				CC6AEB572784AB0C007D021A /* Release */,
			);
			defaultConfigurationIsVisible = 0;
			defaultConfigurationName = Release;
		};
		CC6AEB582784AB0C007D021A /* Build configuration list for PBXNativeTarget "DemoProject" */ = {
			isa = XCConfigurationList;
			buildConfigurations = (
				CC6AEB592784AB0C007D021A /* Debug */,
				CC6AEB5A2784AB0C007D021A /* Release */,
			);
			defaultConfigurationIsVisible = 0;
			defaultConfigurationName = Release;
		};
		CC6AEB5B2784AB0C007D021A /* Build configuration list for PBXNativeTarget "DemoProjectTests" */ = {
			isa = XCConfigurationList;
			buildConfigurations = (
				CC6AEB5C2784AB0C007D021A /* Debug */,
				CC6AEB5D2784AB0C007D021A /* Release */,
			);
			defaultConfigurationIsVisible = 0;
			defaultConfigurationName = Release;
		};
		CC6AEB5E2784AB0C007D021A /* Build configuration list for PBXNativeTarget "DemoProjectUITests" */ = {
			isa = XCConfigurationList;
			buildConfigurations = (
				CC6AEB5F2784AB0C007D021A /* Debug */,
				CC6AEB602784AB0C007D021A /* Release */,
			);
			defaultConfigurationIsVisible = 0;
			defaultConfigurationName = Release;
		};
/* End XCConfigurationList section */
	};
	rootObject = CC6AEB262784AB0A007D021A /* Project object */;
}
